
Microsoft Visual Studio Solution File, Format Version 12.00
# Visual Studio Version 16
VisualStudioVersion = 16.0.29728.190
MinimumVisualStudioVersion = 10.0.40219.1
Project("{FAE04EC0-301F-11D3-BF4B-00C04F79EFBC}") = "WindowsFormsApplication1", "WindowsFormsApplication1\WindowsFormsApplication1.csproj", "{B2B9E4C6-1D79-4997-88D9-71ABC53C3AE1}"
EndProject
Project("{FAE04EC0-301F-11D3-BF4B-00C04F79EFBC}") = "MP3", "MP3\MP3.csproj", "{0144C430-DD93-4237-96EF-1D5B7F19FA85}"
EndProject
Global
	GlobalSection(SolutionConfigurationPlatforms) = preSolution
		Debug|Any CPU = Debug|Any CPU
		Release|Any CPU = Release|Any CPU
	EndGlobalSection
	GlobalSection(ProjectConfigurationPlatforms) = postSolution
		{B2B9E4C6-1D79-4997-88D9-71ABC53C3AE1}.Debug|Any CPU.ActiveCfg = Debug|Any CPU
		{B2B9E4C6-1D79-4997-88D9-71ABC53C3AE1}.Debug|Any CPU.Build.0 = Debug|Any CPU
		{B2B9E4C6-1D79-4997-88D9-71ABC53C3AE1}.Release|Any CPU.ActiveCfg = Release|Any CPU
		{B2B9E4C6-1D79-4997-88D9-71ABC53C3AE1}.Release|Any CPU.Build.0 = Release|Any CPU
		{0144C430-DD93-4237-96EF-1D5B7F19FA85}.Debug|Any CPU.ActiveCfg = Debug|Any CPU
		{0144C430-DD93-4237-96EF-1D5B7F19FA85}.Debug|Any CPU.Build.0 = Debug|Any CPU
		{0144C430-DD93-4237-96EF-1D5B7F19FA85}.Release|Any CPU.ActiveCfg = Release|Any CPU
		{0144C430-DD93-4237-96EF-1D5B7F19FA85}.Release|Any CPU.Build.0 = Release|Any CPU
	EndGlobalSection
	GlobalSection(SolutionProperties) = preSolution
		HideSolutionNode = FALSE
	EndGlobalSection
	GlobalSection(ExtensibilityGlobals) = postSolution
		SolutionGuid = {B72F08FD-513E-4932-82B3-A6ECD7FBAF64}
	EndGlobalSection
EndGlobal
